
Microsoft Visual Studio Solution File, Format Version 12.00
# Visual Studio 15
VisualStudioVersion = 15.0.28307.1927
MinimumVisualStudioVersion = 10.0.40219.1
Project("{159641D6-6404-4A2A-AE62-294DE0FE8301}") = "Assignment1", "Assignment1\Assignment1.dtproj", "{39B46CAA-2E53-4F29-9228-77F16D651F05}"
EndProject
Global
	GlobalSection(SolutionConfigurationPlatforms) = preSolution
		Development|Default = Development|Default
	EndGlobalSection
	GlobalSection(ProjectConfigurationPlatforms) = postSolution
		{39B46CAA-2E53-4F29-9228-77F16D651F05}.Development|Default.ActiveCfg = Development
		{39B46CAA-2E53-4F29-9228-77F16D651F05}.Development|Default.Build.0 = Development
	EndGlobalSection
	GlobalSection(SolutionProperties) = preSolution
		HideSolutionNode = FALSE
	EndGlobalSection
	GlobalSection(ExtensibilityGlobals) = postSolution
		SolutionGuid = {D7D1FAF9-1589-4AAA-8967-EF52C93897E2}
	EndGlobalSection
EndGlobal
